
Microsoft Visual Studio Solution File, Format Version 12.00
# Visual Studio Version 16
VisualStudioVersion = 16.0.32106.194
MinimumVisualStudioVersion = 10.0.40219.1
Project("{FAE04EC0-301F-11D3-BF4B-00C04F79EFBC}") = "PID_API_App.Android", "PID_API_App\PID_API_App.Android\PID_API_App.Android.csproj", "{C00CAD3B-4FD3-4E02-AE56-0959FDF099DD}"
EndProject
Project("{FAE04EC0-301F-11D3-BF4B-00C04F79EFBC}") = "PID_API_App", "PID_API_App\PID_API_App\PID_API_App.csproj", "{34BF9853-BBA4-4CF3-902C-E6D1776A369D}"
EndProject
Global
	GlobalSection(SolutionConfigurationPlatforms) = preSolution
		Debug|Any CPU = Debug|Any CPU
		Release|Any CPU = Release|Any CPU
	EndGlobalSection
	GlobalSection(ProjectConfigurationPlatforms) = postSolution
		{C00CAD3B-4FD3-4E02-AE56-0959FDF099DD}.Debug|Any CPU.ActiveCfg = Debug|Any CPU
		{C00CAD3B-4FD3-4E02-AE56-0959FDF099DD}.Debug|Any CPU.Build.0 = Debug|Any CPU
		{C00CAD3B-4FD3-4E02-AE56-0959FDF099DD}.Debug|Any CPU.Deploy.0 = Debug|Any CPU
		{C00CAD3B-4FD3-4E02-AE56-0959FDF099DD}.Release|Any CPU.ActiveCfg = Release|Any CPU
		{C00CAD3B-4FD3-4E02-AE56-0959FDF099DD}.Release|Any CPU.Build.0 = Release|Any CPU
		{C00CAD3B-4FD3-4E02-AE56-0959FDF099DD}.Release|Any CPU.Deploy.0 = Release|Any CPU
		{34BF9853-BBA4-4CF3-902C-E6D1776A369D}.Debug|Any CPU.ActiveCfg = Debug|Any CPU
		{34BF9853-BBA4-4CF3-902C-E6D1776A369D}.Debug|Any CPU.Build.0 = Debug|Any CPU
		{34BF9853-BBA4-4CF3-902C-E6D1776A369D}.Debug|Any CPU.Deploy.0 = Debug|Any CPU
		{34BF9853-BBA4-4CF3-902C-E6D1776A369D}.Release|Any CPU.ActiveCfg = Release|Any CPU
		{34BF9853-BBA4-4CF3-902C-E6D1776A369D}.Release|Any CPU.Build.0 = Release|Any CPU
		{34BF9853-BBA4-4CF3-902C-E6D1776A369D}.Release|Any CPU.Deploy.0 = Release|Any CPU
	EndGlobalSection
	GlobalSection(SolutionProperties) = preSolution
		HideSolutionNode = FALSE
	EndGlobalSection
	GlobalSection(ExtensibilityGlobals) = postSolution
		SolutionGuid = {1A87D441-0BA1-491E-B7B6-C020D6B9FB2F}
	EndGlobalSection
EndGlobal
